# THIS IS AN AUTOGENERATED FILE. DO NOT EDIT THIS FILE DIRECTLY.
# yarn lockfile v1


"@chakra-ui/icon@3.0.11":
  version "3.0.11"
  resolved "https://registry.yarnpkg.com/@chakra-ui/icon/-/icon-3.0.11.tgz#a51dda24bed2f2ed77b4136ada8f22d3249c9870"
  integrity sha512-RG4jf/XmBdaxOYI5J5QstEtTCPoVlmrQ/XiWhvN0LTgAnmZIqVwFl3Uw+satArdStHAs0GmJZg/E/soFTWuFmw==
  dependencies:
    "@chakra-ui/shared-utils" "2.0.2"

"@chakra-ui/icons@^2.0.11":
  version "2.0.11"
  resolved "https://registry.yarnpkg.com/@chakra-ui/icons/-/icons-2.0.11.tgz#3faf53c499c7c61c65b6e5ff4b0933f48b9ba416"
  integrity sha512-WjxrFMt9hHpuZlnBh4fhtGOkIVlwYwHNmwq4sJGxYWlg8UnEhVJMoOojheJDy/d3Gp9+ApetlK3vt8fV/rZamg==
  dependencies:
    "@chakra-ui/icon" "3.0.11"

"@chakra-ui/shared-utils@2.0.2":
  version "2.0.2"
  resolved "https://registry.yarnpkg.com/@chakra-ui/shared-utils/-/shared-utils-2.0.2.tgz#1df08133194c12ac4df9302604ec37784c2bb026"
  integrity sha512-wC58Fh6wCnFFQyiebVZ0NI7PFW9+Vch0QE6qN7iR+bLseOzQY9miYuzPJ1kMYiFd6QTOmPJkI39M3wHqrPYiOg==

"@hoanggiangg199/hooks@^1.0.1":
  version "1.0.1"
  resolved "https://registry.yarnpkg.com/@hoanggiangg199/hooks/-/hooks-1.0.1.tgz#f6e470f343e7a0018b4c171590b2baca0e53bd97"
  integrity sha512-MBoB8LPv3gONSVtd0EVKhT8dc1sBzEDKDNFLg9hy/jePmxqd6PX6LA35mdBJOSK8yP/vcIG16H2cTK/xnUbBqg==

"@hoanggiangg199/utilities@^1.0.1":
  version "1.0.1"
  resolved "https://registry.yarnpkg.com/@hoanggiangg199/utilities/-/utilities-1.0.1.tgz#52b2cfd5de04b42bf8c1048dc6b5abcb7d72ea19"
  integrity sha512-TaJ2UYDNGenNW1vVr8bwvUDvgT8X0P9FQ5rcHGRasyZDenGZkdBYzz6TmznbpaF7RncWnPrU9Hba2IwPCA2/hA==

balanced-match@^1.0.0:
  version "1.0.2"
  resolved "https://registry.yarnpkg.com/balanced-match/-/balanced-match-1.0.2.tgz#e83e3a7e3f300b34cb9d87f615fa0cbf357690ee"
  integrity sha512-3oSeUO0TMV67hN1AmbXsK4yaqU7tjiHlbxRDZOpH0KW9+CeX4bRAaX0Anxt0tx2MrpRpWwQaPwIlISEJhYU5Pw==

brace-expansion@^1.1.7:
  version "1.1.11"
  resolved "https://registry.yarnpkg.com/brace-expansion/-/brace-expansion-1.1.11.tgz#3c7fcbf529d87226f3d2f52b966ff5271eb441dd"
  integrity sha512-iCuPHDFgrHX7H2vEI/5xpz07zSHB00TpugqhmYtVmMO6518mCuRMoOYFldEBl0g187ufozdaHgWKcYFb61qGiA==
  dependencies:
    balanced-match "^1.0.0"
    concat-map "0.0.1"

clean-package@2.1.1:
  version "2.1.1"
  resolved "https://registry.yarnpkg.com/clean-package/-/clean-package-2.1.1.tgz#2251f9b39382ddec534aa31291f6bb49cf3a3b1f"
  integrity sha512-+svGAs1RfjguW3Yi0uk1F2gu56jt0nkpFW6Gd9BDK0w7xcIokFwrQOWuRn5NO5pfTDkLCVP1ttIjvJwXaSvRsA==
  dependencies:
    dot-object "^2.1.3"

commander@^4.0.0:
  version "4.1.1"
  resolved "https://registry.yarnpkg.com/commander/-/commander-4.1.1.tgz#9fd602bd936294e9e9ef46a3f4d6964044b18068"
  integrity sha512-NOKm8xhkzAjzFx8B2v5OAHT+u5pRQc2UCa2Vq9jYL/31o2wi9mxBA7LIFs3sV5VSC49z6pEhfbMULvShKj26WA==

concat-map@0.0.1:
  version "0.0.1"
  resolved "https://registry.yarnpkg.com/concat-map/-/concat-map-0.0.1.tgz#d8a96bd77fd68df7793a73036a3ba0d5405d477b"
  integrity sha512-/Srv4dswyQNBfohGpz9o6Yb3Gz3SrUDqBH5rTuhGR7ahtlbYKnVxw2bCFMRljaA7EXHaXZ8wsHdodFvbkhKmqg==

dot-object@^2.1.3:
  version "2.1.4"
  resolved "https://registry.yarnpkg.com/dot-object/-/dot-object-2.1.4.tgz#c6c54e9fca510b4d0ea4d65acf33726963843b5f"
  integrity sha512-7FXnyyCLFawNYJ+NhkqyP9Wd2yzuo+7n9pGiYpkmXCTYa8Ci2U0eUNDVg5OuO5Pm6aFXI2SWN8/N/w7SJWu1WA==
  dependencies:
    commander "^4.0.0"
    glob "^7.1.5"

fs.realpath@^1.0.0:
  version "1.0.0"
  resolved "https://registry.yarnpkg.com/fs.realpath/-/fs.realpath-1.0.0.tgz#1504ad2523158caa40db4a2787cb01411994ea4f"
  integrity sha512-OO0pH2lK6a0hZnAdau5ItzHPI6pUlvI7jMVnxUQRtw4owF2wk8lOSabtGDCTP4Ggrg2MbGnWO9X8K1t4+fGMDw==

glob@^7.1.5:
  version "7.2.3"
  resolved "https://registry.yarnpkg.com/glob/-/glob-7.2.3.tgz#b8df0fb802bbfa8e89bd1d938b4e16578ed44f2b"
  integrity sha512-nFR0zLpU2YCaRxwoCJvL6UvCH2JFyFVIvwTLsIf21AuHlMskA1hhTdk+LlYJtOlYt9v6dvszD2BGRqBL+iQK9Q==
  dependencies:
    fs.realpath "^1.0.0"
    inflight "^1.0.4"
    inherits "2"
    minimatch "^3.1.1"
    once "^1.3.0"
    path-is-absolute "^1.0.0"

inflight@^1.0.4:
  version "1.0.6"
  resolved "https://registry.yarnpkg.com/inflight/-/inflight-1.0.6.tgz#49bd6331d7d02d0c09bc910a1075ba8165b56df9"
  integrity sha512-k92I/b08q4wvFscXCLvqfsHCrjrF7yiXsQuIVvVE7N82W3+aqpzuUdBbfhWcy/FZR3/4IgflMgKLOsvPDrGCJA==
  dependencies:
    once "^1.3.0"
    wrappy "1"

inherits@2:
  version "2.0.4"
  resolved "https://registry.yarnpkg.com/inherits/-/inherits-2.0.4.tgz#0fa2c64f932917c3433a0ded55363aae37416b7c"
  integrity sha512-k/vGaX4/Yla3WzyMCvTQOXYeIHvqOKtnqBduzTHpzpQZzAskKMhZ2K+EnBiSM9zGSoIFeMpXKxa4dYeZIQqewQ==

"js-tokens@^3.0.0 || ^4.0.0":
  version "4.0.0"
  resolved "https://registry.yarnpkg.com/js-tokens/-/js-tokens-4.0.0.tgz#19203fb59991df98e3a287050d4647cdeaf32499"
  integrity sha512-RdJUflcE3cUzKiMqQgsCu06FPu9UdIJO0beYbPhHN4k6apgJtifcoCtT9bcxOpYBtpD2kCM6Sbzg4CausW/PKQ==

loose-envify@^1.1.0:
  version "1.4.0"
  resolved "https://registry.yarnpkg.com/loose-envify/-/loose-envify-1.4.0.tgz#71ee51fa7be4caec1a63839f7e682d8132d30caf"
  integrity sha512-lyuxPGr/Wfhrlem2CL/UcnUc1zcqKAImBDzukY7Y5F/yQiNdko6+fRLevlw1HgMySw7f611UIY408EtxRSoK3Q==
  dependencies:
    js-tokens "^3.0.0 || ^4.0.0"

minimatch@^3.1.1:
  version "3.1.2"
  resolved "https://registry.yarnpkg.com/minimatch/-/minimatch-3.1.2.tgz#19cd194bfd3e428f049a70817c038d89ab4be35b"
  integrity sha512-J7p63hRiAjw1NDEww1W7i37+ByIrOWO5XQQAzZ3VOcL0PNybwpfmV/N05zFAzwQ9USyEcX6t3UO+K5aqBQOIHw==
  dependencies:
    brace-expansion "^1.1.7"

once@^1.3.0:
  version "1.4.0"
  resolved "https://registry.yarnpkg.com/once/-/once-1.4.0.tgz#583b1aa775961d4b113ac17d9c50baef9dd76bd1"
  integrity sha512-lNaJgI+2Q5URQBkccEKHTQOPaXdUxnZZElQTZY0MFUAuaEqe1E+Nyvgdz/aIyNi6Z9MzO5dv1H8n58/GELp3+w==
  dependencies:
    wrappy "1"

path-is-absolute@^1.0.0:
  version "1.0.1"
  resolved "https://registry.yarnpkg.com/path-is-absolute/-/path-is-absolute-1.0.1.tgz#174b9268735534ffbc7ace6bf53a5a9e1b5c5f5f"
  integrity sha512-AVbw3UJ2e9bq64vSaS9Am0fje1Pa8pbGqTTsmXfaIiMpnr5DlDhfJOuLj9Sf95ZPVDAUerDfEk88MPmPe7UCQg==

react@^18.0.0:
  version "18.2.0"
  resolved "https://registry.yarnpkg.com/react/-/react-18.2.0.tgz#555bd98592883255fa00de14f1151a917b5d77d5"
  integrity sha512-/3IjMdb2L9QbBdWiW5e3P2/npwMBaU9mHCSCUzNln0ZCYbcfTsGbTJrU/kGemdH2IWmB2ioZ+zkxtmq6g09fGQ==
  dependencies:
    loose-envify "^1.1.0"

wrappy@1:
  version "1.0.2"
  resolved "https://registry.yarnpkg.com/wrappy/-/wrappy-1.0.2.tgz#b5243d8f3ec1aa35f1364605bc0d1036e30ab69f"
  integrity sha512-l4Sp/DRseor9wL6EvV2+TuQn63dMkPjZ/sp9XkghTEbV9KlPS1xUsZ3u7/IQO4wxtcFB4bgpQPRcR3QCvezPcQ==
